
Microsoft Visual Studio Solution File, Format Version 12.00
# Visual Studio Version 16
VisualStudioVersion = 16.0.28803.202
MinimumVisualStudioVersion = 10.0.40219.1
Project("{9A19103F-16F7-4668-BE54-9A1E7A4F7556}") = "SimpBot", "SimpBot.csproj", "{95C78A83-6506-44F7-BEA9-B9C662B1C519}"
EndProject
Project("{FAE04EC0-301F-11D3-BF4B-00C04F79EFBC}") = "Disco", "..\Disco\Disco.csproj", "{9C7C6CBA-82C1-4706-BF8C-BB07F1F6768B}"
EndProject
Global
	GlobalSection(SolutionConfigurationPlatforms) = preSolution
		Debug|Any CPU = Debug|Any CPU
		Release|Any CPU = Release|Any CPU
	EndGlobalSection
	GlobalSection(ProjectConfigurationPlatforms) = postSolution
		{95C78A83-6506-44F7-BEA9-B9C662B1C519}.Debug|Any CPU.ActiveCfg = Debug|Any CPU
		{95C78A83-6506-44F7-BEA9-B9C662B1C519}.Debug|Any CPU.Build.0 = Debug|Any CPU
		{95C78A83-6506-44F7-BEA9-B9C662B1C519}.Release|Any CPU.ActiveCfg = Release|Any CPU
		{95C78A83-6506-44F7-BEA9-B9C662B1C519}.Release|Any CPU.Build.0 = Release|Any CPU
		{9C7C6CBA-82C1-4706-BF8C-BB07F1F6768B}.Debug|Any CPU.ActiveCfg = Debug|Any CPU
		{9C7C6CBA-82C1-4706-BF8C-BB07F1F6768B}.Debug|Any CPU.Build.0 = Debug|Any CPU
		{9C7C6CBA-82C1-4706-BF8C-BB07F1F6768B}.Release|Any CPU.ActiveCfg = Release|Any CPU
		{9C7C6CBA-82C1-4706-BF8C-BB07F1F6768B}.Release|Any CPU.Build.0 = Release|Any CPU
	EndGlobalSection
	GlobalSection(SolutionProperties) = preSolution
		HideSolutionNode = FALSE
	EndGlobalSection
	GlobalSection(ExtensibilityGlobals) = postSolution
		SolutionGuid = {B3DF46B1-39EE-46EA-BFC0-7284CF61AD67}
	EndGlobalSection
EndGlobal
